PODS:
  - Analytics (3.7.0)
  - Flutter (1.0.0)
  - flutter_segment (0.0.1):
    - Analytics (= 3.7.0)
    - Flutter
    - Mixpanel (= 3.4.9)
    - Segment-Mixpanel (= 1.4.0)
  - Mixpanel (3.4.9)
  - Segment-Mixpanel (1.4.0):
    - Analytics (~> 3.0)
    - Mixpanel (~> 3.4.7)

DEPENDENCIES:
  - Flutter (from `.symlinks/flutter/ios`)
  - flutter_segment (from `.symlinks/plugins/flutter_segment/ios`)
  - Segment-Mixpanel

SPEC REPOS:
  https://github.com/cocoapods/specs.git:
    - Analytics
    - Mixpanel
    - Segment-Mixpanel

EXTERNAL SOURCES:
  Flutter:
    :path: ".symlinks/flutter/ios"
  flutter_segment:
    :path: ".symlinks/plugins/flutter_segment/ios"

SPEC CHECKSUMS:
  Analytics: 77fd5fb102a4a5eedafa2c2b0245ceb7b7c15e45
  Flutter: 0e3d915762c693b495b44d77113d4970485de6ec
  flutter_segment: 254e5ede9537b4bfe9b98f2b0f7630517b795f35
  Mixpanel: 5aca6e506b34650b96dc759a208513d86650fac7
  Segment-Mixpanel: 8fd96846cd92cbc8b5c75ec23df66cc3da1b2eac

PODFILE CHECKSUM: 9d2758d2c4a0092f0f542135deaf09b478e1158b

COCOAPODS: 1.7.5
